
Microsoft Visual Studio Solution File, Format Version 12.00
# Visual Studio Version 16
VisualStudioVersion = 16.0.30011.22
MinimumVisualStudioVersion = 10.0.40219.1
Project("{FAE04EC0-301F-11D3-BF4B-00C04F79EFBC}") = "WebApplication2", "WebApplication2\WebApplication2.csproj", "{8837816F-3E7B-4B03-845D-D307EB76D4A3}"
EndProject
Global
	GlobalSection(SolutionConfigurationPlatforms) = preSolution
		Debug|Any CPU = Debug|Any CPU
		Release|Any CPU = Release|Any CPU
	EndGlobalSection
	GlobalSection(ProjectConfigurationPlatforms) = postSolution
		{8837816F-3E7B-4B03-845D-D307EB76D4A3}.Debug|Any CPU.ActiveCfg = Debug|Any CPU
		{8837816F-3E7B-4B03-845D-D307EB76D4A3}.Debug|Any CPU.Build.0 = Debug|Any CPU
		{8837816F-3E7B-4B03-845D-D307EB76D4A3}.Release|Any CPU.ActiveCfg = Release|Any CPU
		{8837816F-3E7B-4B03-845D-D307EB76D4A3}.Release|Any CPU.Build.0 = Release|Any CPU
	EndGlobalSection
	GlobalSection(SolutionProperties) = preSolution
		HideSolutionNode = FALSE
	EndGlobalSection
	GlobalSection(ExtensibilityGlobals) = postSolution
		SolutionGuid = {8287B3A3-A6D5-49CE-B844-23661383C276}
	EndGlobalSection
EndGlobal
